
Microsoft Visual Studio Solution File, Format Version 12.00
# Visual Studio Version 17
VisualStudioVersion = 17.10.35027.167
MinimumVisualStudioVersion = 10.0.40219.1
Project("{FAE04EC0-301F-11D3-BF4B-00C04F79EFBC}") = "ClassesAbstratas", "ClassesAbstratas\ClassesAbstratas.csproj", "{F1D1B4A6-95A8-4BB5-822C-3F5EC2C5498C}"
EndProject
Global
	GlobalSection(SolutionConfigurationPlatforms) = preSolution
		Debug|Any CPU = Debug|Any CPU
		Release|Any CPU = Release|Any CPU
	EndGlobalSection
	GlobalSection(ProjectConfigurationPlatforms) = postSolution
		{F1D1B4A6-95A8-4BB5-822C-3F5EC2C5498C}.Debug|Any CPU.ActiveCfg = Debug|Any CPU
		{F1D1B4A6-95A8-4BB5-822C-3F5EC2C5498C}.Debug|Any CPU.Build.0 = Debug|Any CPU
		{F1D1B4A6-95A8-4BB5-822C-3F5EC2C5498C}.Release|Any CPU.ActiveCfg = Release|Any CPU
		{F1D1B4A6-95A8-4BB5-822C-3F5EC2C5498C}.Release|Any CPU.Build.0 = Release|Any CPU
	EndGlobalSection
	GlobalSection(SolutionProperties) = preSolution
		HideSolutionNode = FALSE
	EndGlobalSection
	GlobalSection(ExtensibilityGlobals) = postSolution
		SolutionGuid = {15F2ECD2-34CB-492D-BBA7-48B697F1AECD}
	EndGlobalSection
EndGlobal
