
Microsoft Visual Studio Solution File, Format Version 12.00
# Visual Studio Version 17
VisualStudioVersion = 17.10.35027.167
MinimumVisualStudioVersion = 10.0.40219.1
Project("{FAE04EC0-301F-11D3-BF4B-00C04F79EFBC}") = "Banco", "Banco\Banco.csproj", "{A6C55ED8-D1CD-4C64-8C76-3035F40A56BA}"
EndProject
Global
	GlobalSection(SolutionConfigurationPlatforms) = preSolution
		Debug|Any CPU = Debug|Any CPU
		Release|Any CPU = Release|Any CPU
	EndGlobalSection
	GlobalSection(ProjectConfigurationPlatforms) = postSolution
		{A6C55ED8-D1CD-4C64-8C76-3035F40A56BA}.Debug|Any CPU.ActiveCfg = Debug|Any CPU
		{A6C55ED8-D1CD-4C64-8C76-3035F40A56BA}.Debug|Any CPU.Build.0 = Debug|Any CPU
		{A6C55ED8-D1CD-4C64-8C76-3035F40A56BA}.Release|Any CPU.ActiveCfg = Release|Any CPU
		{A6C55ED8-D1CD-4C64-8C76-3035F40A56BA}.Release|Any CPU.Build.0 = Release|Any CPU
	EndGlobalSection
	GlobalSection(SolutionProperties) = preSolution
		HideSolutionNode = FALSE
	EndGlobalSection
	GlobalSection(ExtensibilityGlobals) = postSolution
		SolutionGuid = {A81A510F-DDBC-49A0-AD64-B5628525B579}
	EndGlobalSection
EndGlobal
