
Microsoft Visual Studio Solution File, Format Version 12.00
# Visual Studio Version 17
VisualStudioVersion = 17.10.35027.167
MinimumVisualStudioVersion = 10.0.40219.1
Project("{FAE04EC0-301F-11D3-BF4B-00C04F79EFBC}") = "ExResolvido", "ExResolvido\ExResolvido.csproj", "{0831B387-380A-4E1D-B474-C7DEB7470591}"
EndProject
Global
	GlobalSection(SolutionConfigurationPlatforms) = preSolution
		Debug|Any CPU = Debug|Any CPU
		Release|Any CPU = Release|Any CPU
	EndGlobalSection
	GlobalSection(ProjectConfigurationPlatforms) = postSolution
		{0831B387-380A-4E1D-B474-C7DEB7470591}.Debug|Any CPU.ActiveCfg = Debug|Any CPU
		{0831B387-380A-4E1D-B474-C7DEB7470591}.Debug|Any CPU.Build.0 = Debug|Any CPU
		{0831B387-380A-4E1D-B474-C7DEB7470591}.Release|Any CPU.ActiveCfg = Release|Any CPU
		{0831B387-380A-4E1D-B474-C7DEB7470591}.Release|Any CPU.Build.0 = Release|Any CPU
	EndGlobalSection
	GlobalSection(SolutionProperties) = preSolution
		HideSolutionNode = FALSE
	EndGlobalSection
	GlobalSection(ExtensibilityGlobals) = postSolution
		SolutionGuid = {5F1511F8-202B-4B4E-B8DF-8B7470162AB9}
	EndGlobalSection
EndGlobal
