
Microsoft Visual Studio Solution File, Format Version 12.00
# Visual Studio Version 17
VisualStudioVersion = 17.10.35027.167
MinimumVisualStudioVersion = 10.0.40219.1
Project("{FAE04EC0-301F-11D3-BF4B-00C04F79EFBC}") = "Contruibuintes", "Contruibuintes\Contruibuintes.csproj", "{B8A45E62-7205-474B-B09F-F29CBA3A2C48}"
EndProject
Global
	GlobalSection(SolutionConfigurationPlatforms) = preSolution
		Debug|Any CPU = Debug|Any CPU
		Release|Any CPU = Release|Any CPU
	EndGlobalSection
	GlobalSection(ProjectConfigurationPlatforms) = postSolution
		{B8A45E62-7205-474B-B09F-F29CBA3A2C48}.Debug|Any CPU.ActiveCfg = Debug|Any CPU
		{B8A45E62-7205-474B-B09F-F29CBA3A2C48}.Debug|Any CPU.Build.0 = Debug|Any CPU
		{B8A45E62-7205-474B-B09F-F29CBA3A2C48}.Release|Any CPU.ActiveCfg = Release|Any CPU
		{B8A45E62-7205-474B-B09F-F29CBA3A2C48}.Release|Any CPU.Build.0 = Release|Any CPU
	EndGlobalSection
	GlobalSection(SolutionProperties) = preSolution
		HideSolutionNode = FALSE
	EndGlobalSection
	GlobalSection(ExtensibilityGlobals) = postSolution
		SolutionGuid = {7460FD62-B344-4D4F-915C-BF8D2C465FF3}
	EndGlobalSection
EndGlobal
