
Microsoft Visual Studio Solution File, Format Version 12.00
# Visual Studio Version 17
VisualStudioVersion = 17.10.35027.167
MinimumVisualStudioVersion = 10.0.40219.1
Project("{FAE04EC0-301F-11D3-BF4B-00C04F79EFBC}") = "Dellagates", "Dellagates\Dellagates.csproj", "{0BB2457D-5E30-4E7F-8A45-6471F659D525}"
EndProject
Global
	GlobalSection(SolutionConfigurationPlatforms) = preSolution
		Debug|Any CPU = Debug|Any CPU
		Release|Any CPU = Release|Any CPU
	EndGlobalSection
	GlobalSection(ProjectConfigurationPlatforms) = postSolution
		{0BB2457D-5E30-4E7F-8A45-6471F659D525}.Debug|Any CPU.ActiveCfg = Debug|Any CPU
		{0BB2457D-5E30-4E7F-8A45-6471F659D525}.Debug|Any CPU.Build.0 = Debug|Any CPU
		{0BB2457D-5E30-4E7F-8A45-6471F659D525}.Release|Any CPU.ActiveCfg = Release|Any CPU
		{0BB2457D-5E30-4E7F-8A45-6471F659D525}.Release|Any CPU.Build.0 = Release|Any CPU
	EndGlobalSection
	GlobalSection(SolutionProperties) = preSolution
		HideSolutionNode = FALSE
	EndGlobalSection
	GlobalSection(ExtensibilityGlobals) = postSolution
		SolutionGuid = {6BA85F54-7BB9-4D61-B35D-EEF2EAC1FBF9}
	EndGlobalSection
EndGlobal
